
Microsoft Visual Studio Solution File, Format Version 12.00
# Visual Studio 2012
Project("{FAE04EC0-301F-11D3-BF4B-00C04F79EFBC}") = "Model", "Model\Model.csproj", "{9CC9DA8C-5BCD-4081-8470-D3A49452B9CD}"
EndProject
Project("{FAE04EC0-301F-11D3-BF4B-00C04F79EFBC}") = "Fragments", "JungleExplorerAndroid\Fragments.csproj", "{12E45872-B46B-4A96-912B-5459DB21112C}"
EndProject
Global
	GlobalSection(SolutionConfigurationPlatforms) = preSolution
		Debug|Any CPU = Debug|Any CPU
		Release|Any CPU = Release|Any CPU
	EndGlobalSection
	GlobalSection(ProjectConfigurationPlatforms) = postSolution
		{12E45872-B46B-4A96-912B-5459DB21112C}.Debug|Any CPU.ActiveCfg = Debug|Any CPU
		{12E45872-B46B-4A96-912B-5459DB21112C}.Debug|Any CPU.Build.0 = Debug|Any CPU
		{12E45872-B46B-4A96-912B-5459DB21112C}.Release|Any CPU.ActiveCfg = Release|Any CPU
		{12E45872-B46B-4A96-912B-5459DB21112C}.Release|Any CPU.Build.0 = Release|Any CPU
		{9CC9DA8C-5BCD-4081-8470-D3A49452B9CD}.Debug|Any CPU.ActiveCfg = Debug|Any CPU
		{9CC9DA8C-5BCD-4081-8470-D3A49452B9CD}.Debug|Any CPU.Build.0 = Debug|Any CPU
		{9CC9DA8C-5BCD-4081-8470-D3A49452B9CD}.Release|Any CPU.ActiveCfg = Release|Any CPU
		{9CC9DA8C-5BCD-4081-8470-D3A49452B9CD}.Release|Any CPU.Build.0 = Release|Any CPU
	EndGlobalSection
EndGlobal
